
Microsoft Visual Studio Solution File, Format Version 12.00
# Visual Studio Version 17
VisualStudioVersion = 17.4.33213.308
MinimumVisualStudioVersion = 10.0.40219.1
Project("{FAE04EC0-301F-11D3-BF4B-00C04F79EFBC}") = "MailHelper", "MailHelper\MailHelper.csproj", "{9F07E5D7-5F53-4583-8E49-48A66EDC31A5}"
EndProject
Project("{9A19103F-16F7-4668-BE54-9A1E7A4F7556}") = "MailHelperCore", "MailHelperCore\MailHelperCore.csproj", "{BFF84C63-F5BC-41CD-890C-78F473846C3E}"
EndProject
Project("{9A19103F-16F7-4668-BE54-9A1E7A4F7556}") = "MailHelperNet5", "MailHelperNet5\MailHelperNet5.csproj", "{24A1B092-F4ED-44FC-AD6A-E2F381E06D8D}"
EndProject
Global
	GlobalSection(SolutionConfigurationPlatforms) = preSolution
		Debug|Any CPU = Debug|Any CPU
		Release|Any CPU = Release|Any CPU
	EndGlobalSection
	GlobalSection(ProjectConfigurationPlatforms) = postSolution
		{9F07E5D7-5F53-4583-8E49-48A66EDC31A5}.Debug|Any CPU.ActiveCfg = Debug|Any CPU
		{9F07E5D7-5F53-4583-8E49-48A66EDC31A5}.Debug|Any CPU.Build.0 = Debug|Any CPU
		{9F07E5D7-5F53-4583-8E49-48A66EDC31A5}.Release|Any CPU.ActiveCfg = Release|Any CPU
		{9F07E5D7-5F53-4583-8E49-48A66EDC31A5}.Release|Any CPU.Build.0 = Release|Any CPU
		{BFF84C63-F5BC-41CD-890C-78F473846C3E}.Debug|Any CPU.ActiveCfg = Debug|Any CPU
		{BFF84C63-F5BC-41CD-890C-78F473846C3E}.Debug|Any CPU.Build.0 = Debug|Any CPU
		{BFF84C63-F5BC-41CD-890C-78F473846C3E}.Release|Any CPU.ActiveCfg = Release|Any CPU
		{BFF84C63-F5BC-41CD-890C-78F473846C3E}.Release|Any CPU.Build.0 = Release|Any CPU
		{24A1B092-F4ED-44FC-AD6A-E2F381E06D8D}.Debug|Any CPU.ActiveCfg = Debug|Any CPU
		{24A1B092-F4ED-44FC-AD6A-E2F381E06D8D}.Debug|Any CPU.Build.0 = Debug|Any CPU
		{24A1B092-F4ED-44FC-AD6A-E2F381E06D8D}.Release|Any CPU.ActiveCfg = Release|Any CPU
		{24A1B092-F4ED-44FC-AD6A-E2F381E06D8D}.Release|Any CPU.Build.0 = Release|Any CPU
	EndGlobalSection
	GlobalSection(SolutionProperties) = preSolution
		HideSolutionNode = FALSE
	EndGlobalSection
	GlobalSection(ExtensibilityGlobals) = postSolution
		SolutionGuid = {96D1B46B-E36C-46EF-B9E6-20F82EC3A4F1}
	EndGlobalSection
EndGlobal
